
Microsoft Visual Studio Solution File, Format Version 12.00
# Visual Studio Version 16
VisualStudioVersion = 16.0.33130.400
MinimumVisualStudioVersion = 10.0.40219.1
Project("{FAE04EC0-301F-11D3-BF4B-00C04F79EFBC}") = "Try-CatchAssignment", "Try-CatchAssignment\Try-CatchAssignment.csproj", "{1646AA37-800A-405A-999E-2D9458A05D58}"
EndProject
Global
	GlobalSection(SolutionConfigurationPlatforms) = preSolution
		Debug|Any CPU = Debug|Any CPU
		Release|Any CPU = Release|Any CPU
	EndGlobalSection
	GlobalSection(ProjectConfigurationPlatforms) = postSolution
		{1646AA37-800A-405A-999E-2D9458A05D58}.Debug|Any CPU.ActiveCfg = Debug|Any CPU
		{1646AA37-800A-405A-999E-2D9458A05D58}.Debug|Any CPU.Build.0 = Debug|Any CPU
		{1646AA37-800A-405A-999E-2D9458A05D58}.Release|Any CPU.ActiveCfg = Release|Any CPU
		{1646AA37-800A-405A-999E-2D9458A05D58}.Release|Any CPU.Build.0 = Release|Any CPU
	EndGlobalSection
	GlobalSection(SolutionProperties) = preSolution
		HideSolutionNode = FALSE
	EndGlobalSection
	GlobalSection(ExtensibilityGlobals) = postSolution
		SolutionGuid = {E4E8066E-13B8-4100-8394-91EF0D49194D}
	EndGlobalSection
EndGlobal
