
Microsoft Visual Studio Solution File, Format Version 12.00
# Visual Studio Version 16
VisualStudioVersion = 16.0.33027.164
MinimumVisualStudioVersion = 10.0.40219.1
Project("{FAE04EC0-301F-11D3-BF4B-00C04F79EFBC}") = "MainMethodAssignment", "MainMethodAssignment\MainMethodAssignment.csproj", "{858B6F18-A824-4092-836F-F90E3DCB107C}"
EndProject
Global
	GlobalSection(SolutionConfigurationPlatforms) = preSolution
		Debug|Any CPU = Debug|Any CPU
		Release|Any CPU = Release|Any CPU
	EndGlobalSection
	GlobalSection(ProjectConfigurationPlatforms) = postSolution
		{858B6F18-A824-4092-836F-F90E3DCB107C}.Debug|Any CPU.ActiveCfg = Debug|Any CPU
		{858B6F18-A824-4092-836F-F90E3DCB107C}.Debug|Any CPU.Build.0 = Debug|Any CPU
		{858B6F18-A824-4092-836F-F90E3DCB107C}.Release|Any CPU.ActiveCfg = Release|Any CPU
		{858B6F18-A824-4092-836F-F90E3DCB107C}.Release|Any CPU.Build.0 = Release|Any CPU
	EndGlobalSection
	GlobalSection(SolutionProperties) = preSolution
		HideSolutionNode = FALSE
	EndGlobalSection
	GlobalSection(ExtensibilityGlobals) = postSolution
		SolutionGuid = {D951EBB1-7214-4C3F-8C21-0850FBA7BA13}
	EndGlobalSection
EndGlobal
