
Microsoft Visual Studio Solution File, Format Version 12.00
# Visual Studio Version 16
VisualStudioVersion = 16.0.33027.164
MinimumVisualStudioVersion = 10.0.40219.1
Project("{FAE04EC0-301F-11D3-BF4B-00C04F79EFBC}") = "CallingMethodsAssignment", "CallingMethodsAssignment\CallingMethodsAssignment.csproj", "{B98F0C83-7D69-44E1-9D80-A80ABC64716A}"
EndProject
Global
	GlobalSection(SolutionConfigurationPlatforms) = preSolution
		Debug|Any CPU = Debug|Any CPU
		Release|Any CPU = Release|Any CPU
	EndGlobalSection
	GlobalSection(ProjectConfigurationPlatforms) = postSolution
		{B98F0C83-7D69-44E1-9D80-A80ABC64716A}.Debug|Any CPU.ActiveCfg = Debug|Any CPU
		{B98F0C83-7D69-44E1-9D80-A80ABC64716A}.Debug|Any CPU.Build.0 = Debug|Any CPU
		{B98F0C83-7D69-44E1-9D80-A80ABC64716A}.Release|Any CPU.ActiveCfg = Release|Any CPU
		{B98F0C83-7D69-44E1-9D80-A80ABC64716A}.Release|Any CPU.Build.0 = Release|Any CPU
	EndGlobalSection
	GlobalSection(SolutionProperties) = preSolution
		HideSolutionNode = FALSE
	EndGlobalSection
	GlobalSection(ExtensibilityGlobals) = postSolution
		SolutionGuid = {FEC92204-CA79-44C8-B525-3A918C0A2189}
	EndGlobalSection
EndGlobal
