
Microsoft Visual Studio Solution File, Format Version 12.00
# Visual Studio Version 16
VisualStudioVersion = 16.0.32929.386
MinimumVisualStudioVersion = 10.0.40219.1
Project("{FAE04EC0-301F-11D3-BF4B-00C04F79EFBC}") = "Daily Report", "Daily Report\Daily Report.csproj", "{F93E7C28-C9F8-4D15-959B-7DBE18EFBE17}"
EndProject
Global
	GlobalSection(SolutionConfigurationPlatforms) = preSolution
		Debug|Any CPU = Debug|Any CPU
		Release|Any CPU = Release|Any CPU
	EndGlobalSection
	GlobalSection(ProjectConfigurationPlatforms) = postSolution
		{F93E7C28-C9F8-4D15-959B-7DBE18EFBE17}.Debug|Any CPU.ActiveCfg = Debug|Any CPU
		{F93E7C28-C9F8-4D15-959B-7DBE18EFBE17}.Debug|Any CPU.Build.0 = Debug|Any CPU
		{F93E7C28-C9F8-4D15-959B-7DBE18EFBE17}.Release|Any CPU.ActiveCfg = Release|Any CPU
		{F93E7C28-C9F8-4D15-959B-7DBE18EFBE17}.Release|Any CPU.Build.0 = Release|Any CPU
	EndGlobalSection
	GlobalSection(SolutionProperties) = preSolution
		HideSolutionNode = FALSE
	EndGlobalSection
	GlobalSection(ExtensibilityGlobals) = postSolution
		SolutionGuid = {4CEF07CC-C910-4947-99D8-9D3E6B5E06F6}
	EndGlobalSection
EndGlobal
